
Microsoft Visual Studio Solution File, Format Version 12.00
# Visual Studio Version 16
VisualStudioVersion = 16.0.29709.97
MinimumVisualStudioVersion = 10.0.40219.1
Project("{2150E333-8FDC-42A3-9474-1A3956D46DE8}") = "Core", "Core", "{7DBD4030-3554-4585-AFFD-EDDB6951643D}"
EndProject
Project("{9A19103F-16F7-4668-BE54-9A1E7A4F7556}") = "HouseKeepingAccounting.DAL", "Core\HouseKeepingAccounting.DAL\HouseKeepingAccounting.DAL.csproj", "{DCBCDE97-0015-4A0E-87D7-323E763236EB}"
EndProject
Project("{2150E333-8FDC-42A3-9474-1A3956D46DE8}") = "Services", "Services", "{723345AA-F8F4-4554-8A80-6F6CC94B8F21}"
EndProject
Project("{9A19103F-16F7-4668-BE54-9A1E7A4F7556}") = "HouseKeepingAccounting.RestApi", "Services\HouseKeepingAccounting.RestApi\HouseKeepingAccounting.RestApi.csproj", "{64F02B1C-DE0F-4D0A-AD23-8E442F563B26}"
EndProject
Project("{2150E333-8FDC-42A3-9474-1A3956D46DE8}") = "Presintation", "Presintation", "{D96D1053-F5AC-416B-96A2-33DB344CC9F2}"
EndProject
Project("{2150E333-8FDC-42A3-9474-1A3956D46DE8}") = "HouseKeepingAccounting.MVC", "HouseKeepingAccounting.MVC", "{5B7B55EC-5187-45A8-8E14-76A029B3E4C7}"
EndProject
Project("{2150E333-8FDC-42A3-9474-1A3956D46DE8}") = "HouseKeepingAccounting.React", "HouseKeepingAccounting.React", "{AEE971D4-F528-4587-A02E-69ACBA9ECFA0}"
EndProject
Project("{9A19103F-16F7-4668-BE54-9A1E7A4F7556}") = "HouseKeepingAccounting.MVC", "Presentation\HouseKeepingAccounting.MVC\HouseKeepingAccounting.MVC.csproj", "{7247F0FE-FE85-4AE1-A72A-2EEA2AF52DA1}"
EndProject
Project("{FAE04EC0-301F-11D3-BF4B-00C04F79EFBC}") = "HouseKeepingAccounting.SPA", "Presentation\HouseKeepingAccounting.React\HouseKeepingAccounting.SPA\HouseKeepingAccounting.SPA.csproj", "{DEA7D1B3-7727-4E01-99F1-F3608430CEE6}"
EndProject
Project("{2150E333-8FDC-42A3-9474-1A3956D46DE8}") = "Frontend", "Frontend", "{63FCCDE9-17B7-46CC-A469-00BB0E13DF86}"
EndProject
Global
	GlobalSection(SolutionConfigurationPlatforms) = preSolution
		Debug|Any CPU = Debug|Any CPU
		Release|Any CPU = Release|Any CPU
	EndGlobalSection
	GlobalSection(ProjectConfigurationPlatforms) = postSolution
		{DCBCDE97-0015-4A0E-87D7-323E763236EB}.Debug|Any CPU.ActiveCfg = Debug|Any CPU
		{DCBCDE97-0015-4A0E-87D7-323E763236EB}.Debug|Any CPU.Build.0 = Debug|Any CPU
		{DCBCDE97-0015-4A0E-87D7-323E763236EB}.Release|Any CPU.ActiveCfg = Release|Any CPU
		{DCBCDE97-0015-4A0E-87D7-323E763236EB}.Release|Any CPU.Build.0 = Release|Any CPU
		{64F02B1C-DE0F-4D0A-AD23-8E442F563B26}.Debug|Any CPU.ActiveCfg = Debug|Any CPU
		{64F02B1C-DE0F-4D0A-AD23-8E442F563B26}.Debug|Any CPU.Build.0 = Debug|Any CPU
		{64F02B1C-DE0F-4D0A-AD23-8E442F563B26}.Release|Any CPU.ActiveCfg = Release|Any CPU
		{64F02B1C-DE0F-4D0A-AD23-8E442F563B26}.Release|Any CPU.Build.0 = Release|Any CPU
		{7247F0FE-FE85-4AE1-A72A-2EEA2AF52DA1}.Debug|Any CPU.ActiveCfg = Debug|Any CPU
		{7247F0FE-FE85-4AE1-A72A-2EEA2AF52DA1}.Debug|Any CPU.Build.0 = Debug|Any CPU
		{7247F0FE-FE85-4AE1-A72A-2EEA2AF52DA1}.Release|Any CPU.ActiveCfg = Release|Any CPU
		{7247F0FE-FE85-4AE1-A72A-2EEA2AF52DA1}.Release|Any CPU.Build.0 = Release|Any CPU
		{DEA7D1B3-7727-4E01-99F1-F3608430CEE6}.Debug|Any CPU.ActiveCfg = Debug|Any CPU
		{DEA7D1B3-7727-4E01-99F1-F3608430CEE6}.Debug|Any CPU.Build.0 = Debug|Any CPU
		{DEA7D1B3-7727-4E01-99F1-F3608430CEE6}.Release|Any CPU.ActiveCfg = Release|Any CPU
		{DEA7D1B3-7727-4E01-99F1-F3608430CEE6}.Release|Any CPU.Build.0 = Release|Any CPU
	EndGlobalSection
	GlobalSection(SolutionProperties) = preSolution
		HideSolutionNode = FALSE
	EndGlobalSection
	GlobalSection(NestedProjects) = preSolution
		{DCBCDE97-0015-4A0E-87D7-323E763236EB} = {7DBD4030-3554-4585-AFFD-EDDB6951643D}
		{64F02B1C-DE0F-4D0A-AD23-8E442F563B26} = {723345AA-F8F4-4554-8A80-6F6CC94B8F21}
		{5B7B55EC-5187-45A8-8E14-76A029B3E4C7} = {D96D1053-F5AC-416B-96A2-33DB344CC9F2}
		{AEE971D4-F528-4587-A02E-69ACBA9ECFA0} = {D96D1053-F5AC-416B-96A2-33DB344CC9F2}
		{7247F0FE-FE85-4AE1-A72A-2EEA2AF52DA1} = {5B7B55EC-5187-45A8-8E14-76A029B3E4C7}
		{DEA7D1B3-7727-4E01-99F1-F3608430CEE6} = {AEE971D4-F528-4587-A02E-69ACBA9ECFA0}
		{63FCCDE9-17B7-46CC-A469-00BB0E13DF86} = {D96D1053-F5AC-416B-96A2-33DB344CC9F2}
	EndGlobalSection
	GlobalSection(ExtensibilityGlobals) = postSolution
		SolutionGuid = {E4194708-D600-4B1E-9490-9B53D266B33D}
	EndGlobalSection
EndGlobal
