
Microsoft Visual Studio Solution File, Format Version 12.00
# Visual Studio 15
VisualStudioVersion = 15.0.27703.2042
MinimumVisualStudioVersion = 10.0.40219.1
Project("{9A19103F-16F7-4668-BE54-9A1E7A4F7556}") = "HouseKeepingAccounting", "HouseKeepingAccounting\HouseKeepingAccounting.csproj", "{3310E711-7EF7-40B2-88CE-1EFD164E0A75}"
EndProject
Project("{9A19103F-16F7-4668-BE54-9A1E7A4F7556}") = "HouseData", "HouseData\HouseData.csproj", "{9C9E2065-EC3A-41FC-9FE3-4FA4226DF8BB}"
EndProject
Project("{FAE04EC0-301F-11D3-BF4B-00C04F79EFBC}") = "HouseServices", "HouseServices\HouseServices.csproj", "{33189197-D22A-4842-AF4C-5201D3263CA4}"
EndProject
Global
	GlobalSection(SolutionConfigurationPlatforms) = preSolution
		Debug|Any CPU = Debug|Any CPU
		Release|Any CPU = Release|Any CPU
	EndGlobalSection
	GlobalSection(ProjectConfigurationPlatforms) = postSolution
		{3310E711-7EF7-40B2-88CE-1EFD164E0A75}.Debug|Any CPU.ActiveCfg = Debug|Any CPU
		{3310E711-7EF7-40B2-88CE-1EFD164E0A75}.Debug|Any CPU.Build.0 = Debug|Any CPU
		{3310E711-7EF7-40B2-88CE-1EFD164E0A75}.Release|Any CPU.ActiveCfg = Release|Any CPU
		{3310E711-7EF7-40B2-88CE-1EFD164E0A75}.Release|Any CPU.Build.0 = Release|Any CPU
		{9C9E2065-EC3A-41FC-9FE3-4FA4226DF8BB}.Debug|Any CPU.ActiveCfg = Debug|Any CPU
		{9C9E2065-EC3A-41FC-9FE3-4FA4226DF8BB}.Debug|Any CPU.Build.0 = Debug|Any CPU
		{9C9E2065-EC3A-41FC-9FE3-4FA4226DF8BB}.Release|Any CPU.ActiveCfg = Release|Any CPU
		{9C9E2065-EC3A-41FC-9FE3-4FA4226DF8BB}.Release|Any CPU.Build.0 = Release|Any CPU
		{33189197-D22A-4842-AF4C-5201D3263CA4}.Debug|Any CPU.ActiveCfg = Debug|Any CPU
		{33189197-D22A-4842-AF4C-5201D3263CA4}.Debug|Any CPU.Build.0 = Debug|Any CPU
		{33189197-D22A-4842-AF4C-5201D3263CA4}.Release|Any CPU.ActiveCfg = Release|Any CPU
		{33189197-D22A-4842-AF4C-5201D3263CA4}.Release|Any CPU.Build.0 = Release|Any CPU
	EndGlobalSection
	GlobalSection(SolutionProperties) = preSolution
		HideSolutionNode = FALSE
	EndGlobalSection
	GlobalSection(ExtensibilityGlobals) = postSolution
		SolutionGuid = {E4194708-D600-4B1E-9490-9B53D266B33D}
	EndGlobalSection
EndGlobal
